
Microsoft Visual Studio Solution File, Format Version 12.00
# Visual Studio Version 17
VisualStudioVersion = 17.7.34031.279
MinimumVisualStudioVersion = 10.0.40219.1
Project("{9A19103F-16F7-4668-BE54-9A1E7A4F7556}") = "BloodGuardian", "BloodGuardian.csproj", "{8A2A4593-00D6-4DDF-B239-0D669AC6819D}"
EndProject
Project("{2150E333-8FDC-42A3-9474-1A3956D46DE8}") = "Solution Items", "Solution Items", "{BBC6B3B6-5DB7-46E3-BDD9-9182B84BB57F}"
	ProjectSection(SolutionItems) = preProject
		.editorconfig = .editorconfig
	EndProjectSection
EndProject
Global
	GlobalSection(SolutionConfigurationPlatforms) = preSolution
		Debug|Any CPU = Debug|Any CPU
		Release|Any CPU = Release|Any CPU
	EndGlobalSection
	GlobalSection(ProjectConfigurationPlatforms) = postSolution
		{8A2A4593-00D6-4DDF-B239-0D669AC6819D}.Debug|Any CPU.ActiveCfg = Debug|Any CPU
		{8A2A4593-00D6-4DDF-B239-0D669AC6819D}.Debug|Any CPU.Build.0 = Debug|Any CPU
		{8A2A4593-00D6-4DDF-B239-0D669AC6819D}.Release|Any CPU.ActiveCfg = Release|Any CPU
		{8A2A4593-00D6-4DDF-B239-0D669AC6819D}.Release|Any CPU.Build.0 = Release|Any CPU
	EndGlobalSection
	GlobalSection(SolutionProperties) = preSolution
		HideSolutionNode = FALSE
	EndGlobalSection
	GlobalSection(ExtensibilityGlobals) = postSolution
		SolutionGuid = {7C196536-3F80-4EA6-AAAF-E0B4694E2753}
	EndGlobalSection
EndGlobal
